
Microsoft Visual Studio Solution File, Format Version 12.00
# Visual Studio Version 17
VisualStudioVersion = 17.10.35027.167
MinimumVisualStudioVersion = 10.0.40219.1
Project("{FAE04EC0-301F-11D3-BF4B-00C04F79EFBC}") = "UserService.DataAccess", "UserService.Domain\UserService.DataAccess.csproj", "{889DEB79-3ED5-E463-C223-F25800D8029A}"
EndProject
Project("{FAE04EC0-301F-11D3-BF4B-00C04F79EFBC}") = "UserService.Business", "UserService.Business\UserService.Business.csproj", "{C6A3A74E-D5E9-4E1E-B37C-9857DE1949DF}"
EndProject
Project("{FAE04EC0-301F-11D3-BF4B-00C04F79EFBC}") = "UserService.Api", "UserService.Api\UserService.Api.csproj", "{5A56A9CB-FDD0-4675-9121-A244C4845289}"
EndProject
Global
	GlobalSection(SolutionConfigurationPlatforms) = preSolution
		Debug|Any CPU = Debug|Any CPU
		Release|Any CPU = Release|Any CPU
	EndGlobalSection
	GlobalSection(ProjectConfigurationPlatforms) = postSolution
		{889DEB79-3ED5-E463-C223-F25800D8029A}.Debug|Any CPU.ActiveCfg = Debug|Any CPU
		{889DEB79-3ED5-E463-C223-F25800D8029A}.Debug|Any CPU.Build.0 = Debug|Any CPU
		{889DEB79-3ED5-E463-C223-F25800D8029A}.Release|Any CPU.ActiveCfg = Release|Any CPU
		{889DEB79-3ED5-E463-C223-F25800D8029A}.Release|Any CPU.Build.0 = Release|Any CPU
		{C6A3A74E-D5E9-4E1E-B37C-9857DE1949DF}.Debug|Any CPU.ActiveCfg = Debug|Any CPU
		{C6A3A74E-D5E9-4E1E-B37C-9857DE1949DF}.Debug|Any CPU.Build.0 = Debug|Any CPU
		{C6A3A74E-D5E9-4E1E-B37C-9857DE1949DF}.Release|Any CPU.ActiveCfg = Release|Any CPU
		{C6A3A74E-D5E9-4E1E-B37C-9857DE1949DF}.Release|Any CPU.Build.0 = Release|Any CPU
		{5A56A9CB-FDD0-4675-9121-A244C4845289}.Debug|Any CPU.ActiveCfg = Debug|Any CPU
		{5A56A9CB-FDD0-4675-9121-A244C4845289}.Debug|Any CPU.Build.0 = Debug|Any CPU
		{5A56A9CB-FDD0-4675-9121-A244C4845289}.Release|Any CPU.ActiveCfg = Release|Any CPU
		{5A56A9CB-FDD0-4675-9121-A244C4845289}.Release|Any CPU.Build.0 = Release|Any CPU
	EndGlobalSection
	GlobalSection(SolutionProperties) = preSolution
		HideSolutionNode = FALSE
	EndGlobalSection
	GlobalSection(ExtensibilityGlobals) = postSolution
		SolutionGuid = {7B428E19-9E0F-43C8-81EB-6F871301E09B}
	EndGlobalSection
EndGlobal
